hash: 3b4860c02e6eb8a93e5eed7e2116704deca058e864c18420934d891897c1c860
updated: 2018-02-04T21:42:46.679827492+03:30
imports:
- name: github.com/boltdb/bolt
  version: 9da31745363232bc1e27dbab3569e77383a51585
- name: github.com/kataras/iris
  version: cb9e30948c8f1dd099f5168218d110765989992e
- name: golang.org/x/sys
  version: 37707fdb30a5b38865cfb95e5aab41707daec7fd
  subpackages:
  - unix
testImports: []
